%{"base64url": {:hex, :base64url, "0.0.1"},
  "certifi": {:hex, :certifi, "0.3.0"},
  "combine": {:hex, :combine, "0.5.3"},
  "cowboy": {:hex, :cowboy, "1.0.4"},
  "cowlib": {:hex, :cowlib, "1.0.2"},
  "decimal": {:hex, :decimal, "1.1.0"},
  "ecto": {:hex, :ecto, "1.0.6"},
  "elixir_ale": {:hex, :elixir_ale, "0.3.0"},
  "fs": {:hex, :fs, "0.9.2"},
  "guardian": {:hex, :guardian, "0.7.1"},
  "hackney": {:hex, :hackney, "1.4.6"},
  "httpoison": {:hex, :httpoison, "0.8.0"},
  "idna": {:hex, :idna, "1.0.2"},
  "jose": {:hex, :jose, "1.4.1"},
  "mimerl": {:hex, :mimerl, "1.0.0"},
  "mimetype_parser": {:hex, :mimetype_parser, "0.1.0"},
  "mix_test_watch": {:hex, :mix_test_watch, "0.2.4"},
  "oauth2": {:hex, :oauth2, "0.5.0"},
  "phoenix": {:hex, :phoenix, "1.0.3"},
  "phoenix_ecto": {:hex, :phoenix_ecto, "1.2.0"},
  "phoenix_html": {:hex, :phoenix_html, "2.2.0"},
  "phoenix_live_reload": {:hex, :phoenix_live_reload, "1.0.1"},
  "plug": {:hex, :plug, "1.0.3"},
  "poison": {:hex, :poison, "1.5.0"},
  "poolboy": {:hex, :poolboy, "1.5.1"},
  "postgrex": {:hex, :postgrex, "0.9.1"},
  "ranch": {:hex, :ranch, "1.2.0"},
  "serial": {:hex, :serial, "0.1.1"},
  "ssl_verify_hostname": {:hex, :ssl_verify_hostname, "1.0.5"},
  "timex": {:hex, :timex, "1.0.0-rc3"},
  "tzdata": {:hex, :tzdata, "0.5.5"},
  "ueberauth": {:git, "https://github.com/ueberauth/ueberauth.git", "362831601e2968f2b2eac90d7b939aa2bf4f5222", []},
  "ueberauth_slack": {:git, "https://github.com/bklang/ueberauth_slack.git", "7101122316a5aa91d74cfb2ab7a79b91473e80b2", []},
  "uuid": {:hex, :uuid, "1.1.1"}}
